
Microsoft Visual Studio Solution File, Format Version 12.00
# Visual Studio 15
VisualStudioVersion = 15.0.26124.0
MinimumVisualStudioVersion = 15.0.26124.0
Project("{2150E333-8FDC-42A3-9474-1A3956D46DE8}") = "src", "src", "{5A568417-8FD8-4608-AC46-D1F65CF91B81}"
EndProject
Project("{2150E333-8FDC-42A3-9474-1A3956D46DE8}") = "HelloWorld", "HelloWorld", "{A7E74682-2F7A-46DF-8A2E-5B4781803161}"
EndProject
Project("{FAE04EC0-301F-11D3-BF4B-00C04F79EFBC}") = "Send", "src\HelloWorld\Send\Send.csproj", "{51107288-67E0-4A64-8264-AF3C6AFB8D1B}"
EndProject
Project("{FAE04EC0-301F-11D3-BF4B-00C04F79EFBC}") = "Receive", "src\HelloWorld\Receive\Receive.csproj", "{B83D8652-1101-4CBD-8053-283FBDC6B630}"
EndProject
Project("{2150E333-8FDC-42A3-9474-1A3956D46DE8}") = "WorkQueues", "WorkQueues", "{271E6976-FB31-42B2-AE58-E1ED5CC0E31B}"
EndProject
Project("{FAE04EC0-301F-11D3-BF4B-00C04F79EFBC}") = "NewTask", "src\WorkQueues\NewTask\NewTask.csproj", "{90F6A46F-40D4-4233-9474-58B744FEB9EB}"
EndProject
Project("{FAE04EC0-301F-11D3-BF4B-00C04F79EFBC}") = "Worker", "src\WorkQueues\Worker\Worker.csproj", "{4C8F45DE-8229-4B16-9C37-6039783DE127}"
EndProject
Project("{2150E333-8FDC-42A3-9474-1A3956D46DE8}") = "PubSub", "PubSub", "{D100A528-33D5-4B97-AEA6-9EFF4B962218}"
EndProject
Project("{FAE04EC0-301F-11D3-BF4B-00C04F79EFBC}") = "EmitLog", "src\PubSub\EmitLog\EmitLog.csproj", "{3D8AB814-A45A-403C-97CC-606A9D1E1BB7}"
EndProject
Project("{2150E333-8FDC-42A3-9474-1A3956D46DE8}") = "Routing", "Routing", "{86F6856B-9BB2-4BB8-A853-F6212F709FEE}"
EndProject
Project("{FAE04EC0-301F-11D3-BF4B-00C04F79EFBC}") = "EmitLogDirect", "src\Routing\EmitLogDirect\EmitLogDirect.csproj", "{9F070F16-EB1B-482B-87D5-1CFCC526CF46}"
EndProject
Project("{FAE04EC0-301F-11D3-BF4B-00C04F79EFBC}") = "ReceiveLogs", "src\PubSub\ReceiveLogs\ReceiveLogs.csproj", "{356E2E52-39D7-4436-A457-DF3BF140B389}"
EndProject
Project("{FAE04EC0-301F-11D3-BF4B-00C04F79EFBC}") = "ReceiveLogsDirect", "src\Routing\ReceiveLogsDirect\ReceiveLogsDirect.csproj", "{4D1A1A99-44DB-45B1-AA85-D4B76C579397}"
EndProject
Global
	GlobalSection(SolutionConfigurationPlatforms) = preSolution
		Debug|Any CPU = Debug|Any CPU
		Debug|x64 = Debug|x64
		Debug|x86 = Debug|x86
		Release|Any CPU = Release|Any CPU
		Release|x64 = Release|x64
		Release|x86 = Release|x86
	EndGlobalSection
	GlobalSection(SolutionProperties) = preSolution
		HideSolutionNode = FALSE
	EndGlobalSection
	GlobalSection(ProjectConfigurationPlatforms) = postSolution
		{51107288-67E0-4A64-8264-AF3C6AFB8D1B}.Debug|Any CPU.ActiveCfg = Debug|Any CPU
		{51107288-67E0-4A64-8264-AF3C6AFB8D1B}.Debug|Any CPU.Build.0 = Debug|Any CPU
		{51107288-67E0-4A64-8264-AF3C6AFB8D1B}.Debug|x64.ActiveCfg = Debug|Any CPU
		{51107288-67E0-4A64-8264-AF3C6AFB8D1B}.Debug|x64.Build.0 = Debug|Any CPU
		{51107288-67E0-4A64-8264-AF3C6AFB8D1B}.Debug|x86.ActiveCfg = Debug|Any CPU
		{51107288-67E0-4A64-8264-AF3C6AFB8D1B}.Debug|x86.Build.0 = Debug|Any CPU
		{51107288-67E0-4A64-8264-AF3C6AFB8D1B}.Release|Any CPU.ActiveCfg = Release|Any CPU
		{51107288-67E0-4A64-8264-AF3C6AFB8D1B}.Release|Any CPU.Build.0 = Release|Any CPU
		{51107288-67E0-4A64-8264-AF3C6AFB8D1B}.Release|x64.ActiveCfg = Release|Any CPU
		{51107288-67E0-4A64-8264-AF3C6AFB8D1B}.Release|x64.Build.0 = Release|Any CPU
		{51107288-67E0-4A64-8264-AF3C6AFB8D1B}.Release|x86.ActiveCfg = Release|Any CPU
		{51107288-67E0-4A64-8264-AF3C6AFB8D1B}.Release|x86.Build.0 = Release|Any CPU
		{B83D8652-1101-4CBD-8053-283FBDC6B630}.Debug|Any CPU.ActiveCfg = Debug|Any CPU
		{B83D8652-1101-4CBD-8053-283FBDC6B630}.Debug|Any CPU.Build.0 = Debug|Any CPU
		{B83D8652-1101-4CBD-8053-283FBDC6B630}.Debug|x64.ActiveCfg = Debug|Any CPU
		{B83D8652-1101-4CBD-8053-283FBDC6B630}.Debug|x64.Build.0 = Debug|Any CPU
		{B83D8652-1101-4CBD-8053-283FBDC6B630}.Debug|x86.ActiveCfg = Debug|Any CPU
		{B83D8652-1101-4CBD-8053-283FBDC6B630}.Debug|x86.Build.0 = Debug|Any CPU
		{B83D8652-1101-4CBD-8053-283FBDC6B630}.Release|Any CPU.ActiveCfg = Release|Any CPU
		{B83D8652-1101-4CBD-8053-283FBDC6B630}.Release|Any CPU.Build.0 = Release|Any CPU
		{B83D8652-1101-4CBD-8053-283FBDC6B630}.Release|x64.ActiveCfg = Release|Any CPU
		{B83D8652-1101-4CBD-8053-283FBDC6B630}.Release|x64.Build.0 = Release|Any CPU
		{B83D8652-1101-4CBD-8053-283FBDC6B630}.Release|x86.ActiveCfg = Release|Any CPU
		{B83D8652-1101-4CBD-8053-283FBDC6B630}.Release|x86.Build.0 = Release|Any CPU
		{90F6A46F-40D4-4233-9474-58B744FEB9EB}.Debug|Any CPU.ActiveCfg = Debug|Any CPU
		{90F6A46F-40D4-4233-9474-58B744FEB9EB}.Debug|Any CPU.Build.0 = Debug|Any CPU
		{90F6A46F-40D4-4233-9474-58B744FEB9EB}.Debug|x64.ActiveCfg = Debug|Any CPU
		{90F6A46F-40D4-4233-9474-58B744FEB9EB}.Debug|x64.Build.0 = Debug|Any CPU
		{90F6A46F-40D4-4233-9474-58B744FEB9EB}.Debug|x86.ActiveCfg = Debug|Any CPU
		{90F6A46F-40D4-4233-9474-58B744FEB9EB}.Debug|x86.Build.0 = Debug|Any CPU
		{90F6A46F-40D4-4233-9474-58B744FEB9EB}.Release|Any CPU.ActiveCfg = Release|Any CPU
		{90F6A46F-40D4-4233-9474-58B744FEB9EB}.Release|Any CPU.Build.0 = Release|Any CPU
		{90F6A46F-40D4-4233-9474-58B744FEB9EB}.Release|x64.ActiveCfg = Release|Any CPU
		{90F6A46F-40D4-4233-9474-58B744FEB9EB}.Release|x64.Build.0 = Release|Any CPU
		{90F6A46F-40D4-4233-9474-58B744FEB9EB}.Release|x86.ActiveCfg = Release|Any CPU
		{90F6A46F-40D4-4233-9474-58B744FEB9EB}.Release|x86.Build.0 = Release|Any CPU
		{4C8F45DE-8229-4B16-9C37-6039783DE127}.Debug|Any CPU.ActiveCfg = Debug|Any CPU
		{4C8F45DE-8229-4B16-9C37-6039783DE127}.Debug|Any CPU.Build.0 = Debug|Any CPU
		{4C8F45DE-8229-4B16-9C37-6039783DE127}.Debug|x64.ActiveCfg = Debug|Any CPU
		{4C8F45DE-8229-4B16-9C37-6039783DE127}.Debug|x64.Build.0 = Debug|Any CPU
		{4C8F45DE-8229-4B16-9C37-6039783DE127}.Debug|x86.ActiveCfg = Debug|Any CPU
		{4C8F45DE-8229-4B16-9C37-6039783DE127}.Debug|x86.Build.0 = Debug|Any CPU
		{4C8F45DE-8229-4B16-9C37-6039783DE127}.Release|Any CPU.ActiveCfg = Release|Any CPU
		{4C8F45DE-8229-4B16-9C37-6039783DE127}.Release|Any CPU.Build.0 = Release|Any CPU
		{4C8F45DE-8229-4B16-9C37-6039783DE127}.Release|x64.ActiveCfg = Release|Any CPU
		{4C8F45DE-8229-4B16-9C37-6039783DE127}.Release|x64.Build.0 = Release|Any CPU
		{4C8F45DE-8229-4B16-9C37-6039783DE127}.Release|x86.ActiveCfg = Release|Any CPU
		{4C8F45DE-8229-4B16-9C37-6039783DE127}.Release|x86.Build.0 = Release|Any CPU
		{3D8AB814-A45A-403C-97CC-606A9D1E1BB7}.Debug|Any CPU.ActiveCfg = Debug|Any CPU
		{3D8AB814-A45A-403C-97CC-606A9D1E1BB7}.Debug|Any CPU.Build.0 = Debug|Any CPU
		{3D8AB814-A45A-403C-97CC-606A9D1E1BB7}.Debug|x64.ActiveCfg = Debug|Any CPU
		{3D8AB814-A45A-403C-97CC-606A9D1E1BB7}.Debug|x64.Build.0 = Debug|Any CPU
		{3D8AB814-A45A-403C-97CC-606A9D1E1BB7}.Debug|x86.ActiveCfg = Debug|Any CPU
		{3D8AB814-A45A-403C-97CC-606A9D1E1BB7}.Debug|x86.Build.0 = Debug|Any CPU
		{3D8AB814-A45A-403C-97CC-606A9D1E1BB7}.Release|Any CPU.ActiveCfg = Release|Any CPU
		{3D8AB814-A45A-403C-97CC-606A9D1E1BB7}.Release|Any CPU.Build.0 = Release|Any CPU
		{3D8AB814-A45A-403C-97CC-606A9D1E1BB7}.Release|x64.ActiveCfg = Release|Any CPU
		{3D8AB814-A45A-403C-97CC-606A9D1E1BB7}.Release|x64.Build.0 = Release|Any CPU
		{3D8AB814-A45A-403C-97CC-606A9D1E1BB7}.Release|x86.ActiveCfg = Release|Any CPU
		{3D8AB814-A45A-403C-97CC-606A9D1E1BB7}.Release|x86.Build.0 = Release|Any CPU
		{9F070F16-EB1B-482B-87D5-1CFCC526CF46}.Debug|Any CPU.ActiveCfg = Debug|Any CPU
		{9F070F16-EB1B-482B-87D5-1CFCC526CF46}.Debug|Any CPU.Build.0 = Debug|Any CPU
		{9F070F16-EB1B-482B-87D5-1CFCC526CF46}.Debug|x64.ActiveCfg = Debug|Any CPU
		{9F070F16-EB1B-482B-87D5-1CFCC526CF46}.Debug|x64.Build.0 = Debug|Any CPU
		{9F070F16-EB1B-482B-87D5-1CFCC526CF46}.Debug|x86.ActiveCfg = Debug|Any CPU
		{9F070F16-EB1B-482B-87D5-1CFCC526CF46}.Debug|x86.Build.0 = Debug|Any CPU
		{9F070F16-EB1B-482B-87D5-1CFCC526CF46}.Release|Any CPU.ActiveCfg = Release|Any CPU
		{9F070F16-EB1B-482B-87D5-1CFCC526CF46}.Release|Any CPU.Build.0 = Release|Any CPU
		{9F070F16-EB1B-482B-87D5-1CFCC526CF46}.Release|x64.ActiveCfg = Release|Any CPU
		{9F070F16-EB1B-482B-87D5-1CFCC526CF46}.Release|x64.Build.0 = Release|Any CPU
		{9F070F16-EB1B-482B-87D5-1CFCC526CF46}.Release|x86.ActiveCfg = Release|Any CPU
		{9F070F16-EB1B-482B-87D5-1CFCC526CF46}.Release|x86.Build.0 = Release|Any CPU
		{356E2E52-39D7-4436-A457-DF3BF140B389}.Debug|Any CPU.ActiveCfg = Debug|Any CPU
		{356E2E52-39D7-4436-A457-DF3BF140B389}.Debug|Any CPU.Build.0 = Debug|Any CPU
		{356E2E52-39D7-4436-A457-DF3BF140B389}.Debug|x64.ActiveCfg = Debug|Any CPU
		{356E2E52-39D7-4436-A457-DF3BF140B389}.Debug|x64.Build.0 = Debug|Any CPU
		{356E2E52-39D7-4436-A457-DF3BF140B389}.Debug|x86.ActiveCfg = Debug|Any CPU
		{356E2E52-39D7-4436-A457-DF3BF140B389}.Debug|x86.Build.0 = Debug|Any CPU
		{356E2E52-39D7-4436-A457-DF3BF140B389}.Release|Any CPU.ActiveCfg = Release|Any CPU
		{356E2E52-39D7-4436-A457-DF3BF140B389}.Release|Any CPU.Build.0 = Release|Any CPU
		{356E2E52-39D7-4436-A457-DF3BF140B389}.Release|x64.ActiveCfg = Release|Any CPU
		{356E2E52-39D7-4436-A457-DF3BF140B389}.Release|x64.Build.0 = Release|Any CPU
		{356E2E52-39D7-4436-A457-DF3BF140B389}.Release|x86.ActiveCfg = Release|Any CPU
		{356E2E52-39D7-4436-A457-DF3BF140B389}.Release|x86.Build.0 = Release|Any CPU
		{4D1A1A99-44DB-45B1-AA85-D4B76C579397}.Debug|Any CPU.ActiveCfg = Debug|Any CPU
		{4D1A1A99-44DB-45B1-AA85-D4B76C579397}.Debug|Any CPU.Build.0 = Debug|Any CPU
		{4D1A1A99-44DB-45B1-AA85-D4B76C579397}.Debug|x64.ActiveCfg = Debug|Any CPU
		{4D1A1A99-44DB-45B1-AA85-D4B76C579397}.Debug|x64.Build.0 = Debug|Any CPU
		{4D1A1A99-44DB-45B1-AA85-D4B76C579397}.Debug|x86.ActiveCfg = Debug|Any CPU
		{4D1A1A99-44DB-45B1-AA85-D4B76C579397}.Debug|x86.Build.0 = Debug|Any CPU
		{4D1A1A99-44DB-45B1-AA85-D4B76C579397}.Release|Any CPU.ActiveCfg = Release|Any CPU
		{4D1A1A99-44DB-45B1-AA85-D4B76C579397}.Release|Any CPU.Build.0 = Release|Any CPU
		{4D1A1A99-44DB-45B1-AA85-D4B76C579397}.Release|x64.ActiveCfg = Release|Any CPU
		{4D1A1A99-44DB-45B1-AA85-D4B76C579397}.Release|x64.Build.0 = Release|Any CPU
		{4D1A1A99-44DB-45B1-AA85-D4B76C579397}.Release|x86.ActiveCfg = Release|Any CPU
		{4D1A1A99-44DB-45B1-AA85-D4B76C579397}.Release|x86.Build.0 = Release|Any CPU
	EndGlobalSection
	GlobalSection(NestedProjects) = preSolution
		{A7E74682-2F7A-46DF-8A2E-5B4781803161} = {5A568417-8FD8-4608-AC46-D1F65CF91B81}
		{51107288-67E0-4A64-8264-AF3C6AFB8D1B} = {A7E74682-2F7A-46DF-8A2E-5B4781803161}
		{B83D8652-1101-4CBD-8053-283FBDC6B630} = {A7E74682-2F7A-46DF-8A2E-5B4781803161}
		{271E6976-FB31-42B2-AE58-E1ED5CC0E31B} = {5A568417-8FD8-4608-AC46-D1F65CF91B81}
		{90F6A46F-40D4-4233-9474-58B744FEB9EB} = {271E6976-FB31-42B2-AE58-E1ED5CC0E31B}
		{4C8F45DE-8229-4B16-9C37-6039783DE127} = {271E6976-FB31-42B2-AE58-E1ED5CC0E31B}
		{D100A528-33D5-4B97-AEA6-9EFF4B962218} = {5A568417-8FD8-4608-AC46-D1F65CF91B81}
		{3D8AB814-A45A-403C-97CC-606A9D1E1BB7} = {D100A528-33D5-4B97-AEA6-9EFF4B962218}
		{86F6856B-9BB2-4BB8-A853-F6212F709FEE} = {5A568417-8FD8-4608-AC46-D1F65CF91B81}
		{9F070F16-EB1B-482B-87D5-1CFCC526CF46} = {86F6856B-9BB2-4BB8-A853-F6212F709FEE}
		{356E2E52-39D7-4436-A457-DF3BF140B389} = {D100A528-33D5-4B97-AEA6-9EFF4B962218}
		{4D1A1A99-44DB-45B1-AA85-D4B76C579397} = {86F6856B-9BB2-4BB8-A853-F6212F709FEE}
	EndGlobalSection
EndGlobal
